
Microsoft Visual Studio Solution File, Format Version 12.00
# Visual Studio Version 17
VisualStudioVersion = 17.0.31903.59
MinimumVisualStudioVersion = 10.0.40219.1
Project("{9A19103F-16F7-4668-BE54-9A1E7A4F7556}") = "XH_Server", "XH_Server\XH_Server.csproj", "{7098E8B2-F5B6-4810-9C00-F6CC1F079129}"
EndProject
<<<<<<< HEAD
=======
Project("{FAE04EC0-301F-11D3-BF4B-00C04F79EFBC}") = "Test", "Test\Test.csproj", "{07DA89CA-1D93-4E81-9D52-95358213DD80}"
EndProject
>>>>>>> 6f1395d22c1426ddba57c82ba85b87759c88f85b
Project("{FAE04EC0-301F-11D3-BF4B-00C04F79EFBC}") = "XH_ServerTests", "XH_ServerTests\XH_ServerTests.csproj", "{411435A9-3262-4F01-857D-CDC6439CB679}"
EndProject
Global
	GlobalSection(SolutionConfigurationPlatforms) = preSolution
		Debug|Any CPU = Debug|Any CPU
		Release|Any CPU = Release|Any CPU
	EndGlobalSection
	GlobalSection(ProjectConfigurationPlatforms) = postSolution
		{7098E8B2-F5B6-4810-9C00-F6CC1F079129}.Debug|Any CPU.ActiveCfg = Debug|Any CPU
		{7098E8B2-F5B6-4810-9C00-F6CC1F079129}.Debug|Any CPU.Build.0 = Debug|Any CPU
		{7098E8B2-F5B6-4810-9C00-F6CC1F079129}.Release|Any CPU.ActiveCfg = Release|Any CPU
		{7098E8B2-F5B6-4810-9C00-F6CC1F079129}.Release|Any CPU.Build.0 = Release|Any CPU
<<<<<<< HEAD
=======
		{07DA89CA-1D93-4E81-9D52-95358213DD80}.Debug|Any CPU.ActiveCfg = Debug|Any CPU
		{07DA89CA-1D93-4E81-9D52-95358213DD80}.Debug|Any CPU.Build.0 = Debug|Any CPU
		{07DA89CA-1D93-4E81-9D52-95358213DD80}.Release|Any CPU.ActiveCfg = Release|Any CPU
		{07DA89CA-1D93-4E81-9D52-95358213DD80}.Release|Any CPU.Build.0 = Release|Any CPU
>>>>>>> 6f1395d22c1426ddba57c82ba85b87759c88f85b
		{411435A9-3262-4F01-857D-CDC6439CB679}.Debug|Any CPU.ActiveCfg = Debug|Any CPU
		{411435A9-3262-4F01-857D-CDC6439CB679}.Debug|Any CPU.Build.0 = Debug|Any CPU
		{411435A9-3262-4F01-857D-CDC6439CB679}.Release|Any CPU.ActiveCfg = Release|Any CPU
		{411435A9-3262-4F01-857D-CDC6439CB679}.Release|Any CPU.Build.0 = Release|Any CPU
	EndGlobalSection
	GlobalSection(SolutionProperties) = preSolution
		HideSolutionNode = FALSE
	EndGlobalSection
	GlobalSection(ExtensibilityGlobals) = postSolution
		SolutionGuid = {D302650A-3810-4281-AB4A-3342914D5136}
	EndGlobalSection
EndGlobal
